
Microsoft Visual Studio Solution File, Format Version 12.00
# Visual Studio Version 17
VisualStudioVersion = 17.10.34928.147
MinimumVisualStudioVersion = 10.0.40219.1
Project("{FAE04EC0-301F-11D3-BF4B-00C04F79EFBC}") = "Calculator", "Calculator.csproj", "{32431D15-1F8A-4DC8-BFA9-7B7712D43BED}"
EndProject
Global
	GlobalSection(SolutionConfigurationPlatforms) = preSolution
		Debug|Any CPU = Debug|Any CPU
		Release|Any CPU = Release|Any CPU
	EndGlobalSection
	GlobalSection(ProjectConfigurationPlatforms) = postSolution
		{32431D15-1F8A-4DC8-BFA9-7B7712D43BED}.Debug|Any CPU.ActiveCfg = Debug|Any CPU
		{32431D15-1F8A-4DC8-BFA9-7B7712D43BED}.Debug|Any CPU.Build.0 = Debug|Any CPU
		{32431D15-1F8A-4DC8-BFA9-7B7712D43BED}.Release|Any CPU.ActiveCfg = Release|Any CPU
		{32431D15-1F8A-4DC8-BFA9-7B7712D43BED}.Release|Any CPU.Build.0 = Release|Any CPU
	EndGlobalSection
	GlobalSection(SolutionProperties) = preSolution
		HideSolutionNode = FALSE
	EndGlobalSection
	GlobalSection(ExtensibilityGlobals) = postSolution
		SolutionGuid = {48CE3599-9ED4-4D10-915A-C560C55D456E}
	EndGlobalSection
EndGlobal
